// !$*UTF8*$!
{
	archiveVersion = 1;
	classes = {
	};
	objectVersion = 56;
	objects = {

/* Begin PBXBuildFile section */
		3A2996A6293D16BB007F2C3E /* Main-ViewModel.swift in Sources */ = {isa = PBXBuildFile; fileRef = 3A2996A4293D16BB007F2C3E /* Main-ViewModel.swift */; };
		3A2996A7293D16BB007F2C3E /* Database.swift in Sources */ = {isa = PBXBuildFile; fileRef = 3A2996A5293D16BB007F2C3E /* Database.swift */; };
		3A79035529268D7600CA2FDB /* HemsoktaPlatserV2App.swift in Sources */ = {isa = PBXBuildFile; fileRef = 3A79035429268D7600CA2FDB /* HemsoktaPlatserV2App.swift */; };
		3A79035929268D7700CA2FDB /* Assets.xcassets in Resources */ = {isa = PBXBuildFile; fileRef = 3A79035829268D7700CA2FDB /* Assets.xcassets */; };
		3A79035C29268D7700CA2FDB /* Preview Assets.xcassets in Resources */ = {isa = PBXBuildFile; fileRef = 3A79035B29268D7700CA2FDB /* Preview Assets.xcassets */; };
		3A79036A29268D9E00CA2FDB /* MapView.swift in Sources */ = {isa = PBXBuildFile; fileRef = 3A79036929268D9E00CA2FDB /* MapView.swift */; };
		3A79036E29268DC500CA2FDB /* PlaceDetailView.swift in Sources */ = {isa = PBXBuildFile; fileRef = 3A79036D29268DC500CA2FDB /* PlaceDetailView.swift */; };
		3A79037029268DDE00CA2FDB /* HPlace.swift in Sources */ = {isa = PBXBuildFile; fileRef = 3A79036F29268DDE00CA2FDB /* HPlace.swift */; };
		3A790373292693FC00CA2FDB /* MainView.swift in Sources */ = {isa = PBXBuildFile; fileRef = 3A790372292693FC00CA2FDB /* MainView.swift */; };
		3A7903752926AFA400CA2FDB /* Database.swift in Sources */ = {isa = PBXBuildFile; fileRef = 3A7903742926AFA400CA2FDB /* Database.swift */; };
		3A7903792926B17A00CA2FDB /* Main-ViewModel.swift in Sources */ = {isa = PBXBuildFile; fileRef = 3A7903782926B17A00CA2FDB /* Main-ViewModel.swift */; };
		3A790383292A6D8000CA2FDB /* PlaceView.swift in Sources */ = {isa = PBXBuildFile; fileRef = 3A790382292A6D8000CA2FDB /* PlaceView.swift */; };
		3A790385292AEE7900CA2FDB /* Colors.swift in Sources */ = {isa = PBXBuildFile; fileRef = 3A790384292AEE7900CA2FDB /* Colors.swift */; };
		3A790388292B9A5100CA2FDB /* LocationManager.swift in Sources */ = {isa = PBXBuildFile; fileRef = 3A790387292B9A5100CA2FDB /* LocationManager.swift */; };
		3A921BA32938AD9600FF796E /* TagCloudView.swift in Sources */ = {isa = PBXBuildFile; fileRef = 3A921BA22938AD9600FF796E /* TagCloudView.swift */; };
		3A921BA9293BF6A500FF796E /* HPlaces.swift in Sources */ = {isa = PBXBuildFile; fileRef = 3A921BA8293BF6A500FF796E /* HPlaces.swift */; };
		3A921BAB293C0B1900FF796E /* HauntedPlaces.json in Resources */ = {isa = PBXBuildFile; fileRef = 3A921BAA293C0B1900FF796E /* HauntedPlaces.json */; };
/* End PBXBuildFile section */

/* Begin PBXFileReference section */
		3A2996A4293D16BB007F2C3E /* Main-ViewModel.swift */ = {isa = PBXFileReference; fileEncoding = 4; lastKnownFileType = sourcecode.swift; path = "Main-ViewModel.swift"; sourceTree = "<group>"; };
		3A2996A5293D16BB007F2C3E /* Database.swift */ = {isa = PBXFileReference; fileEncoding = 4; lastKnownFileType = sourcecode.swift; path = Database.swift; sourceTree = "<group>"; };
		3A79035129268D7600CA2FDB /* HemsoktaPlatserV2.app */ = {isa = PBXFileReference; explicitFileType = wrapper.application; includeInIndex = 0; path = HemsoktaPlatserV2.app; sourceTree = BUILT_PRODUCTS_DIR; };
		3A79035429268D7600CA2FDB /* HemsoktaPlatserV2App.swift */ = {isa = PBXFileReference; lastKnownFileType = sourcecode.swift; path = HemsoktaPlatserV2App.swift; sourceTree = "<group>"; };
		3A79035829268D7700CA2FDB /* Assets.xcassets */ = {isa = PBXFileReference; lastKnownFileType = folder.assetcatalog; path = Assets.xcassets; sourceTree = "<group>"; };
		3A79035B29268D7700CA2FDB /* Preview Assets.xcassets */ = {isa = PBXFileReference; lastKnownFileType = folder.assetcatalog; path = "Preview Assets.xcassets"; sourceTree = "<group>"; };
		3A79036929268D9E00CA2FDB /* MapView.swift */ = {isa = PBXFileReference; lastKnownFileType = sourcecode.swift; path = MapView.swift; sourceTree = "<group>"; };
		3A79036D29268DC500CA2FDB /* PlaceDetailView.swift */ = {isa = PBXFileReference; lastKnownFileType = sourcecode.swift; path = PlaceDetailView.swift; sourceTree = "<group>"; };
		3A79036F29268DDE00CA2FDB /* HPlace.swift */ = {isa = PBXFileReference; lastKnownFileType = sourcecode.swift; path = HPlace.swift; sourceTree = "<group>"; };
		3A790372292693FC00CA2FDB /* MainView.swift */ = {isa = PBXFileReference; lastKnownFileType = sourcecode.swift; path = MainView.swift; sourceTree = "<group>"; };
		3A7903742926AFA400CA2FDB /* Database.swift */ = {isa = PBXFileReference; lastKnownFileType = sourcecode.swift; path = Database.swift; sourceTree = "<group>"; };
		3A7903782926B17A00CA2FDB /* Main-ViewModel.swift */ = {isa = PBXFileReference; lastKnownFileType = sourcecode.swift; path = "Main-ViewModel.swift"; sourceTree = "<group>"; };
		3A790382292A6D8000CA2FDB /* PlaceView.swift */ = {isa = PBXFileReference; lastKnownFileType = sourcecode.swift; path = PlaceView.swift; sourceTree = "<group>"; };
		3A790384292AEE7900CA2FDB /* Colors.swift */ = {isa = PBXFileReference; lastKnownFileType = sourcecode.swift; path = Colors.swift; sourceTree = "<group>"; };
		3A790386292B71C100CA2FDB /* Info.plist */ = {isa = PBXFileReference; lastKnownFileType = text.plist; path = Info.plist; sourceTree = "<group>"; };
		3A790387292B9A5100CA2FDB /* LocationManager.swift */ = {isa = PBXFileReference; lastKnownFileType = sourcecode.swift; path = LocationManager.swift; sourceTree = "<group>"; };
		3A921BA22938AD9600FF796E /* TagCloudView.swift */ = {isa = PBXFileReference; lastKnownFileType = sourcecode.swift; path = TagCloudView.swift; sourceTree = "<group>"; };
		3A921BA8293BF6A500FF796E /* HPlaces.swift */ = {isa = PBXFileReference; lastKnownFileType = sourcecode.swift; path = HPlaces.swift; sourceTree = "<group>"; };
		3A921BAA293C0B1900FF796E /* HauntedPlaces.json */ = {isa = PBXFileReference; fileEncoding = 4; lastKnownFileType = text.json; name = HauntedPlaces.json; path = ../../../../HauntedPlaces.json; sourceTree = "<group>"; };
/* End PBXFileReference section */

/* Begin PBXFrameworksBuildPhase section */
		3A79034E29268D7600CA2FDB /* Frameworks */ = {
			isa = PBXFrameworksBuildPhase;
			buildActionMask = 2147483647;
			files = (
			);
			runOnlyForDeploymentPostprocessing = 0;
		};
/* End PBXFrameworksBuildPhase section */

/* Begin PBXGroup section */
		3A2996A3293D16BB007F2C3E /* UserDefaults */ = {
			isa = PBXGroup;
			children = (
				3A2996A4293D16BB007F2C3E /* Main-ViewModel.swift */,
				3A2996A5293D16BB007F2C3E /* Database.swift */,
			);
			name = UserDefaults;
			sourceTree = "<group>";
		};
		3A79034829268D7600CA2FDB = {
			isa = PBXGroup;
			children = (
				3A79035329268D7600CA2FDB /* HemsoktaPlatserV2 */,
				3A79035229268D7600CA2FDB /* Products */,
			);
			sourceTree = "<group>";
		};
		3A79035229268D7600CA2FDB /* Products */ = {
			isa = PBXGroup;
			children = (
				3A79035129268D7600CA2FDB /* HemsoktaPlatserV2.app */,
			);
			name = Products;
			sourceTree = "<group>";
		};
		3A79035329268D7600CA2FDB /* HemsoktaPlatserV2 */ = {
			isa = PBXGroup;
			children = (
				3A790386292B71C100CA2FDB /* Info.plist */,
				3A7903CC292E245900CA2FDB /* UserDefaults */,
				3A7903CB292E241A00CA2FDB /* Content */,
				3A7903C8292E23BC00CA2FDB /* Map */,
				3A79037129268F8300CA2FDB /* Views */,
				3A79035429268D7600CA2FDB /* HemsoktaPlatserV2App.swift */,
				3A79035829268D7700CA2FDB /* Assets.xcassets */,
				3A79035A29268D7700CA2FDB /* Preview Content */,
			);
			path = HemsoktaPlatserV2;
			sourceTree = "<group>";
		};
		3A79035A29268D7700CA2FDB /* Preview Content */ = {
			isa = PBXGroup;
			children = (
				3A79035B29268D7700CA2FDB /* Preview Assets.xcassets */,
			);
			path = "Preview Content";
			sourceTree = "<group>";
		};
		3A79037129268F8300CA2FDB /* Views */ = {
			isa = PBXGroup;
			children = (
				3A79036929268D9E00CA2FDB /* MapView.swift */,
				3A790382292A6D8000CA2FDB /* PlaceView.swift */,
				3A79036D29268DC500CA2FDB /* PlaceDetailView.swift */,
				3A790372292693FC00CA2FDB /* MainView.swift */,
			);
			path = Views;
			sourceTree = "<group>";
		};
		3A7903C8292E23BC00CA2FDB /* Map */ = {
			isa = PBXGroup;
			children = (
				3A790387292B9A5100CA2FDB /* LocationManager.swift */,
			);
			path = Map;
			sourceTree = "<group>";
		};
		3A7903CB292E241A00CA2FDB /* Content */ = {
			isa = PBXGroup;
			children = (
				3A790384292AEE7900CA2FDB /* Colors.swift */,
				3A79036F29268DDE00CA2FDB /* HPlace.swift */,
				3A921BA22938AD9600FF796E /* TagCloudView.swift */,
				3A921BA8293BF6A500FF796E /* HPlaces.swift */,
			);
			path = Content;
			sourceTree = "<group>";
		};
		3A7903CC292E245900CA2FDB /* UserDefaults */ = {
			isa = PBXGroup;
			children = (
				3A7903782926B17A00CA2FDB /* Main-ViewModel.swift */,
				3A921BAA293C0B1900FF796E /* HauntedPlaces.json */,
				3A2996A3293D16BB007F2C3E /* UserDefaults */,
				3A7903742926AFA400CA2FDB /* Database.swift */,
			);
			path = UserDefaults;
			sourceTree = "<group>";
		};
/* End PBXGroup section */

/* Begin PBXNativeTarget section */
		3A79035029268D7600CA2FDB /* HemsoktaPlatserV2 */ = {
			isa = PBXNativeTarget;
			buildConfigurationList = 3A79036429268D7700CA2FDB /* Build configuration list for PBXNativeTarget "HemsoktaPlatserV2" */;
			buildPhases = (
				3A79034D29268D7600CA2FDB /* Sources */,
				3A79034E29268D7600CA2FDB /* Frameworks */,
				3A79034F29268D7600CA2FDB /* Resources */,
			);
			buildRules = (
			);
			dependencies = (
			);
			name = HemsoktaPlatserV2;
			productName = HemsoktaPlatserV2;
			productReference = 3A79035129268D7600CA2FDB /* HemsoktaPlatserV2.app */;
			productType = "com.apple.product-type.application";
		};
/* End PBXNativeTarget section */

/* Begin PBXProject section */
		3A79034929268D7600CA2FDB /* Project object */ = {
			isa = PBXProject;
			attributes = {
				BuildIndependentTargetsInParallel = 1;
				LastSwiftUpdateCheck = 1410;
				LastUpgradeCheck = 1410;
				TargetAttributes = {
					3A79035029268D7600CA2FDB = {
						CreatedOnToolsVersion = 14.1;
					};
				};
			};
			buildConfigurationList = 3A79034C29268D7600CA2FDB /* Build configuration list for PBXProject "HemsoktaPlatserV2" */;
			compatibilityVersion = "Xcode 14.0";
			developmentRegion = en;
			hasScannedForEncodings = 0;
			knownRegions = (
				en,
				Base,
			);
			mainGroup = 3A79034829268D7600CA2FDB;
			productRefGroup = 3A79035229268D7600CA2FDB /* Products */;
			projectDirPath = "";
			projectRoot = "";
			targets = (
				3A79035029268D7600CA2FDB /* HemsoktaPlatserV2 */,
			);
		};
/* End PBXProject section */

/* Begin PBXResourcesBuildPhase section */
		3A79034F29268D7600CA2FDB /* Resources */ = {
			isa = PBXResourcesBuildPhase;
			buildActionMask = 2147483647;
			files = (
				3A79035C29268D7700CA2FDB /* Preview Assets.xcassets in Resources */,
				3A79035929268D7700CA2FDB /* Assets.xcassets in Resources */,
				3A921BAB293C0B1900FF796E /* HauntedPlaces.json in Resources */,
			);
			runOnlyForDeploymentPostprocessing = 0;
		};
/* End PBXResourcesBuildPhase section */

/* Begin PBXSourcesBuildPhase section */
		3A79034D29268D7600CA2FDB /* Sources */ = {
			isa = PBXSourcesBuildPhase;
			buildActionMask = 2147483647;
			files = (
				3A921BA32938AD9600FF796E /* TagCloudView.swift in Sources */,
				3A7903752926AFA400CA2FDB /* Database.swift in Sources */,
				3A790385292AEE7900CA2FDB /* Colors.swift in Sources */,
				3A790388292B9A5100CA2FDB /* LocationManager.swift in Sources */,
				3A2996A6293D16BB007F2C3E /* Main-ViewModel.swift in Sources */,
				3A790383292A6D8000CA2FDB /* PlaceView.swift in Sources */,
				3A79036A29268D9E00CA2FDB /* MapView.swift in Sources */,
				3A790373292693FC00CA2FDB /* MainView.swift in Sources */,
				3A79036E29268DC500CA2FDB /* PlaceDetailView.swift in Sources */,
				3A921BA9293BF6A500FF796E /* HPlaces.swift in Sources */,
				3A79037029268DDE00CA2FDB /* HPlace.swift in Sources */,
				3A7903792926B17A00CA2FDB /* Main-ViewModel.swift in Sources */,
				3A2996A7293D16BB007F2C3E /* Database.swift in Sources */,
				3A79035529268D7600CA2FDB /* HemsoktaPlatserV2App.swift in Sources */,
			);
			runOnlyForDeploymentPostprocessing = 0;
		};
/* End PBXSourcesBuildPhase section */

/* Begin XCBuildConfiguration section */
		3A79036229268D7700CA2FDB /* Debug */ = {
			isa = XCBuildConfiguration;
			buildSettings = {
				ALWAYS_SEARCH_USER_PATHS = NO;
				CLANG_ANALYZER_NONNULL = YES;
				CLANG_ANALYZER_NUMBER_OBJECT_CONVERSION = YES_AGGRESSIVE;
				CLANG_CXX_LANGUAGE_STANDARD = "gnu++20";
				CLANG_ENABLE_MODULES = YES;
				CLANG_ENABLE_OBJC_ARC = YES;
				CLANG_ENABLE_OBJC_WEAK = YES;
				CLANG_WARN_BLOCK_CAPTURE_AUTORELEASING = YES;
				CLANG_WARN_BOOL_CONVERSION = YES;
				CLANG_WARN_COMMA = YES;
				CLANG_WARN_CONSTANT_CONVERSION = YES;
				CLANG_WARN_DEPRECATED_OBJC_IMPLEMENTATIONS = YES;
				CLANG_WARN_DIRECT_OBJC_ISA_USAGE = YES_ERROR;
				CLANG_WARN_DOCUMENTATION_COMMENTS = YES;
				CLANG_WARN_EMPTY_BODY = YES;
				CLANG_WARN_ENUM_CONVERSION = YES;
				CLANG_WARN_INFINITE_RECURSION = YES;
				CLANG_WARN_INT_CONVERSION = YES;
				CLANG_WARN_NON_LITERAL_NULL_CONVERSION = YES;
				CLANG_WARN_OBJC_IMPLICIT_RETAIN_SELF = YES;
				CLANG_WARN_OBJC_LITERAL_CONVERSION = YES;
				CLANG_WARN_OBJC_ROOT_CLASS = YES_ERROR;
				CLANG_WARN_QUOTED_INCLUDE_IN_FRAMEWORK_HEADER = YES;
				CLANG_WARN_RANGE_LOOP_ANALYSIS = YES;
				CLANG_WARN_STRICT_PROTOTYPES = YES;
				CLANG_WARN_SUSPICIOUS_MOVE = YES;
				CLANG_WARN_UNGUARDED_AVAILABILITY = YES_AGGRESSIVE;
				CLANG_WARN_UNREACHABLE_CODE = YES;
				CLANG_WARN__DUPLICATE_METHOD_MATCH = YES;
				COPY_PHASE_STRIP = NO;
				DEBUG_INFORMATION_FORMAT = dwarf;
				ENABLE_STRICT_OBJC_MSGSEND = YES;
				ENABLE_TESTABILITY = YES;
				GCC_C_LANGUAGE_STANDARD = gnu11;
				GCC_DYNAMIC_NO_PIC = NO;
				GCC_NO_COMMON_BLOCKS = YES;
				GCC_OPTIMIZATION_LEVEL = 0;
				GCC_PREPROCESSOR_DEFINITIONS = (
					"DEBUG=1",
					"$(inherited)",
				);
				GCC_WARN_64_TO_32_BIT_CONVERSION = YES;
				GCC_WARN_ABOUT_RETURN_TYPE = YES_ERROR;
				GCC_WARN_UNDECLARED_SELECTOR = YES;
				GCC_WARN_UNINITIALIZED_AUTOS = YES_AGGRESSIVE;
				GCC_WARN_UNUSED_FUNCTION = YES;
				GCC_WARN_UNUSED_VARIABLE = YES;
				IPHONEOS_DEPLOYMENT_TARGET = 16.1;
				MTL_ENABLE_DEBUG_INFO = INCLUDE_SOURCE;
				MTL_FAST_MATH = YES;
				ONLY_ACTIVE_ARCH = YES;
				SDKROOT = iphoneos;
				SWIFT_ACTIVE_COMPILATION_CONDITIONS = DEBUG;
				SWIFT_OPTIMIZATION_LEVEL = "-Onone";
			};
			name = Debug;
		};
		3A79036329268D7700CA2FDB /* Release */ = {
			isa = XCBuildConfiguration;
			buildSettings = {
				ALWAYS_SEARCH_USER_PATHS = NO;
				CLANG_ANALYZER_NONNULL = YES;
				CLANG_ANALYZER_NUMBER_OBJECT_CONVERSION = YES_AGGRESSIVE;
				CLANG_CXX_LANGUAGE_STANDARD = "gnu++20";
				CLANG_ENABLE_MODULES = YES;
				CLANG_ENABLE_OBJC_ARC = YES;
				CLANG_ENABLE_OBJC_WEAK = YES;
				CLANG_WARN_BLOCK_CAPTURE_AUTORELEASING = YES;
				CLANG_WARN_BOOL_CONVERSION = YES;
				CLANG_WARN_COMMA = YES;
				CLANG_WARN_CONSTANT_CONVERSION = YES;
				CLANG_WARN_DEPRECATED_OBJC_IMPLEMENTATIONS = YES;
				CLANG_WARN_DIRECT_OBJC_ISA_USAGE = YES_ERROR;
				CLANG_WARN_DOCUMENTATION_COMMENTS = YES;
				CLANG_WARN_EMPTY_BODY = YES;
				CLANG_WARN_ENUM_CONVERSION = YES;
				CLANG_WARN_INFINITE_RECURSION = YES;
				CLANG_WARN_INT_CONVERSION = YES;
				CLANG_WARN_NON_LITERAL_NULL_CONVERSION = YES;
				CLANG_WARN_OBJC_IMPLICIT_RETAIN_SELF = YES;
				CLANG_WARN_OBJC_LITERAL_CONVERSION = YES;
				CLANG_WARN_OBJC_ROOT_CLASS = YES_ERROR;
				CLANG_WARN_QUOTED_INCLUDE_IN_FRAMEWORK_HEADER = YES;
				CLANG_WARN_RANGE_LOOP_ANALYSIS = YES;
				CLANG_WARN_STRICT_PROTOTYPES = YES;
				CLANG_WARN_SUSPICIOUS_MOVE = YES;
				CLANG_WARN_UNGUARDED_AVAILABILITY = YES_AGGRESSIVE;
				CLANG_WARN_UNREACHABLE_CODE = YES;
				CLANG_WARN__DUPLICATE_METHOD_MATCH = YES;
				COPY_PHASE_STRIP = NO;
				DEBUG_INFORMATION_FORMAT = "dwarf-with-dsym";
				ENABLE_NS_ASSERTIONS = NO;
				ENABLE_STRICT_OBJC_MSGSEND = YES;
				GCC_C_LANGUAGE_STANDARD = gnu11;
				GCC_NO_COMMON_BLOCKS = YES;
				GCC_WARN_64_TO_32_BIT_CONVERSION = YES;
				GCC_WARN_ABOUT_RETURN_TYPE = YES_ERROR;
				GCC_WARN_UNDECLARED_SELECTOR = YES;
				GCC_WARN_UNINITIALIZED_AUTOS = YES_AGGRESSIVE;
				GCC_WARN_UNUSED_FUNCTION = YES;
				GCC_WARN_UNUSED_VARIABLE = YES;
				IPHONEOS_DEPLOYMENT_TARGET = 16.1;
				MTL_ENABLE_DEBUG_INFO = NO;
				MTL_FAST_MATH = YES;
				SDKROOT = iphoneos;
				SWIFT_COMPILATION_MODE = wholemodule;
				SWIFT_OPTIMIZATION_LEVEL = "-O";
				VALIDATE_PRODUCT = YES;
			};
			name = Release;
		};
		3A79036529268D7700CA2FDB /* Debug */ = {
			isa = XCBuildConfiguration;
			buildSettings = {
				ASSETCATALOG_COMPILER_APPICON_NAME = AppIcon;
				ASSETCATALOG_COMPILER_GLOBAL_ACCENT_COLOR_NAME = AccentColor;
				CODE_SIGN_STYLE = Automatic;
				CURRENT_PROJECT_VERSION = 1;
				DEVELOPMENT_ASSET_PATHS = "\"HemsoktaPlatserV2/Preview Content\"";
				DEVELOPMENT_TEAM = 2752P32MRN;
				ENABLE_PREVIEWS = YES;
				GENERATE_INFOPLIST_FILE = YES;
				INFOPLIST_FILE = HemsoktaPlatserV2/Info.plist;
				INFOPLIST_KEY_NSLocationAlwaysAndWhenInUseUsageDescription = "Hitta 2";
				INFOPLIST_KEY_NSLocationWhenInUseUsageDescription = "Hitta 1";
				INFOPLIST_KEY_UIApplicationSceneManifest_Generation = YES;
				INFOPLIST_KEY_UIApplicationSupportsIndirectInputEvents = YES;
				INFOPLIST_KEY_UILaunchScreen_Generation = YES;
				INFOPLIST_KEY_UISupportedInterfaceOrientations_iPad = "UIInterfaceOrientationPortrait UIInterfaceOrientationPortraitUpsideDown UIInterfaceOrientationLandscapeLeft UIInterfaceOrientationLandscapeRight";
				INFOPLIST_KEY_UISupportedInterfaceOrientations_iPhone = "UIInterfaceOrientationPortrait UIInterfaceOrientationLandscapeLeft UIInterfaceOrientationLandscapeRight";
				IPHONEOS_DEPLOYMENT_TARGET = 16.0;
				LD_RUNPATH_SEARCH_PATHS = (
					"$(inherited)",
					"@executable_path/Frameworks",
				);
				MARKETING_VERSION = 1.0;
				PRODUCT_BUNDLE_IDENTIFIER = se.antonkjellin.HemsoktaPlatserV2;
				PRODUCT_NAME = "$(TARGET_NAME)";
				SWIFT_EMIT_LOC_STRINGS = YES;
				SWIFT_VERSION = 5.0;
				TARGETED_DEVICE_FAMILY = "1,2";
			};
			name = Debug;
		};
		3A79036629268D7700CA2FDB /* Release */ = {
			isa = XCBuildConfiguration;
			buildSettings = {
				ASSETCATALOG_COMPILER_APPICON_NAME = AppIcon;
				ASSETCATALOG_COMPILER_GLOBAL_ACCENT_COLOR_NAME = AccentColor;
				CODE_SIGN_STYLE = Automatic;
				CURRENT_PROJECT_VERSION = 1;
				DEVELOPMENT_ASSET_PATHS = "\"HemsoktaPlatserV2/Preview Content\"";
				DEVELOPMENT_TEAM = 2752P32MRN;
				ENABLE_PREVIEWS = YES;
				GENERATE_INFOPLIST_FILE = YES;
				INFOPLIST_FILE = HemsoktaPlatserV2/Info.plist;
				INFOPLIST_KEY_NSLocationAlwaysAndWhenInUseUsageDescription = "Hitta 2";
				INFOPLIST_KEY_NSLocationWhenInUseUsageDescription = "Hitta 1";
				INFOPLIST_KEY_UIApplicationSceneManifest_Generation = YES;
				INFOPLIST_KEY_UIApplicationSupportsIndirectInputEvents = YES;
				INFOPLIST_KEY_UILaunchScreen_Generation = YES;
				INFOPLIST_KEY_UISupportedInterfaceOrientations_iPad = "UIInterfaceOrientationPortrait UIInterfaceOrientationPortraitUpsideDown UIInterfaceOrientationLandscapeLeft UIInterfaceOrientationLandscapeRight";
				INFOPLIST_KEY_UISupportedInterfaceOrientations_iPhone = "UIInterfaceOrientationPortrait UIInterfaceOrientationLandscapeLeft UIInterfaceOrientationLandscapeRight";
				IPHONEOS_DEPLOYMENT_TARGET = 16.0;
				LD_RUNPATH_SEARCH_PATHS = (
					"$(inherited)",
					"@executable_path/Frameworks",
				);
				MARKETING_VERSION = 1.0;
				PRODUCT_BUNDLE_IDENTIFIER = se.antonkjellin.HemsoktaPlatserV2;
				PRODUCT_NAME = "$(TARGET_NAME)";
				SWIFT_EMIT_LOC_STRINGS = YES;
				SWIFT_VERSION = 5.0;
				TARGETED_DEVICE_FAMILY = "1,2";
			};
			name = Release;
		};
/* End XCBuildConfiguration section */

/* Begin XCConfigurationList section */
		3A79034C29268D7600CA2FDB /* Build configuration list for PBXProject "HemsoktaPlatserV2" */ = {
			isa = XCConfigurationList;
			buildConfigurations = (
				3A79036229268D7700CA2FDB /* Debug */,
				3A79036329268D7700CA2FDB /* Release */,
			);
			defaultConfigurationIsVisible = 0;
			defaultConfigurationName = Release;
		};
		3A79036429268D7700CA2FDB /* Build configuration list for PBXNativeTarget "HemsoktaPlatserV2" */ = {
			isa = XCConfigurationList;
			buildConfigurations = (
				3A79036529268D7700CA2FDB /* Debug */,
				3A79036629268D7700CA2FDB /* Release */,
			);
			defaultConfigurationIsVisible = 0;
			defaultConfigurationName = Release;
		};
/* End XCConfigurationList section */
	};
	rootObject = 3A79034929268D7600CA2FDB /* Project object */;
}
